
Microsoft Visual Studio Solution File, Format Version 12.00
# Visual Studio Version 17
VisualStudioVersion = 17.3.32929.385
MinimumVisualStudioVersion = 10.0.40219.1
Project("{FAE04EC0-301F-11D3-BF4B-00C04F79EFBC}") = "Section1-Numerics", "Section1-Numerics\Section1-Numerics.csproj", "{944ECD02-BED4-4656-8C12-572C6837E8E6}"
EndProject
Project("{FAE04EC0-301F-11D3-BF4B-00C04F79EFBC}") = "Section2-Reflection", "Section2-Reflection\Section2-Reflection.csproj", "{38E74F80-4E09-4931-AFEC-5605FA704394}"
EndProject
Global
	GlobalSection(SolutionConfigurationPlatforms) = preSolution
		Debug|Any CPU = Debug|Any CPU
		Release|Any CPU = Release|Any CPU
	EndGlobalSection
	GlobalSection(ProjectConfigurationPlatforms) = postSolution
		{944ECD02-BED4-4656-8C12-572C6837E8E6}.Debug|Any CPU.ActiveCfg = Debug|Any CPU
		{944ECD02-BED4-4656-8C12-572C6837E8E6}.Debug|Any CPU.Build.0 = Debug|Any CPU
		{944ECD02-BED4-4656-8C12-572C6837E8E6}.Release|Any CPU.ActiveCfg = Release|Any CPU
		{944ECD02-BED4-4656-8C12-572C6837E8E6}.Release|Any CPU.Build.0 = Release|Any CPU
		{38E74F80-4E09-4931-AFEC-5605FA704394}.Debug|Any CPU.ActiveCfg = Debug|Any CPU
		{38E74F80-4E09-4931-AFEC-5605FA704394}.Debug|Any CPU.Build.0 = Debug|Any CPU
		{38E74F80-4E09-4931-AFEC-5605FA704394}.Release|Any CPU.ActiveCfg = Release|Any CPU
		{38E74F80-4E09-4931-AFEC-5605FA704394}.Release|Any CPU.Build.0 = Release|Any CPU
	EndGlobalSection
	GlobalSection(SolutionProperties) = preSolution
		HideSolutionNode = FALSE
	EndGlobalSection
	GlobalSection(ExtensibilityGlobals) = postSolution
		SolutionGuid = {54BC823B-2FD9-4E82-9CCB-5E2FF78FD648}
	EndGlobalSection
EndGlobal
